
Microsoft Visual Studio Solution File, Format Version 12.00
# Visual Studio Version 17
VisualStudioVersion = 17.0.32112.339
MinimumVisualStudioVersion = 10.0.40219.1
Project("{FAE04EC0-301F-11D3-BF4B-00C04F79EFBC}") = "Source", "Source\Source.csproj", "{EEF32320-8E04-4830-AF03-D309A9143B5C}"
EndProject
Global
	GlobalSection(SolutionConfigurationPlatforms) = preSolution
		Debug|Any CPU = Debug|Any CPU
		Release|Any CPU = Release|Any CPU
	EndGlobalSection
	GlobalSection(ProjectConfigurationPlatforms) = postSolution
		{EEF32320-8E04-4830-AF03-D309A9143B5C}.Debug|Any CPU.ActiveCfg = Debug|Any CPU
		{EEF32320-8E04-4830-AF03-D309A9143B5C}.Debug|Any CPU.Build.0 = Debug|Any CPU
		{EEF32320-8E04-4830-AF03-D309A9143B5C}.Release|Any CPU.ActiveCfg = Release|Any CPU
		{EEF32320-8E04-4830-AF03-D309A9143B5C}.Release|Any CPU.Build.0 = Release|Any CPU
	EndGlobalSection
	GlobalSection(SolutionProperties) = preSolution
		HideSolutionNode = FALSE
	EndGlobalSection
	GlobalSection(ExtensibilityGlobals) = postSolution
		SolutionGuid = {74DB2929-10B7-444B-839B-A552D85A170C}
	EndGlobalSection
EndGlobal
